
Microsoft Visual Studio Solution File, Format Version 12.00
# Visual Studio Version 16
VisualStudioVersion = 16.0.32802.440
MinimumVisualStudioVersion = 10.0.40219.1
Project("{8BC9CEB8-8B4A-11D0-8D11-00A0C91BC942}") = "CS303 Assignment 1", "CS303 Assignment 1.vcxproj", "{CBB1DD1B-0231-4B49-9406-008162F47E51}"
EndProject
Global
	GlobalSection(SolutionConfigurationPlatforms) = preSolution
		Debug|x64 = Debug|x64
		Debug|x86 = Debug|x86
		Release|x64 = Release|x64
		Release|x86 = Release|x86
	EndGlobalSection
	GlobalSection(ProjectConfigurationPlatforms) = postSolution
		{CBB1DD1B-0231-4B49-9406-008162F47E51}.Debug|x64.ActiveCfg = Debug|x64
		{CBB1DD1B-0231-4B49-9406-008162F47E51}.Debug|x64.Build.0 = Debug|x64
		{CBB1DD1B-0231-4B49-9406-008162F47E51}.Debug|x86.ActiveCfg = Debug|Win32
		{CBB1DD1B-0231-4B49-9406-008162F47E51}.Debug|x86.Build.0 = Debug|Win32
		{CBB1DD1B-0231-4B49-9406-008162F47E51}.Release|x64.ActiveCfg = Release|x64
		{CBB1DD1B-0231-4B49-9406-008162F47E51}.Release|x64.Build.0 = Release|x64
		{CBB1DD1B-0231-4B49-9406-008162F47E51}.Release|x86.ActiveCfg = Release|Win32
		{CBB1DD1B-0231-4B49-9406-008162F47E51}.Release|x86.Build.0 = Release|Win32
	EndGlobalSection
	GlobalSection(SolutionProperties) = preSolution
		HideSolutionNode = FALSE
	EndGlobalSection
	GlobalSection(ExtensibilityGlobals) = postSolution
		SolutionGuid = {8909244E-B839-42B0-B534-4E192777183A}
	EndGlobalSection
EndGlobal
